
Microsoft Visual Studio Solution File, Format Version 12.00
# Visual Studio Version 17
VisualStudioVersion = 17.3.32929.385
MinimumVisualStudioVersion = 10.0.40219.1
Project("{9A19103F-16F7-4668-BE54-9A1E7A4F7556}") = "DirectoryCopyFileMultithreading.App", "DirectoryCopyFileMultithreading.App\DirectoryCopyFileMultithreading.App.csproj", "{09A1F66E-6691-4B91-A3AF-C0DE3D0B43B9}"
EndProject
Global
	GlobalSection(SolutionConfigurationPlatforms) = preSolution
		Debug|Any CPU = Debug|Any CPU
		Release|Any CPU = Release|Any CPU
	EndGlobalSection
	GlobalSection(ProjectConfigurationPlatforms) = postSolution
		{09A1F66E-6691-4B91-A3AF-C0DE3D0B43B9}.Debug|Any CPU.ActiveCfg = Debug|Any CPU
		{09A1F66E-6691-4B91-A3AF-C0DE3D0B43B9}.Debug|Any CPU.Build.0 = Debug|Any CPU
		{09A1F66E-6691-4B91-A3AF-C0DE3D0B43B9}.Release|Any CPU.ActiveCfg = Release|Any CPU
		{09A1F66E-6691-4B91-A3AF-C0DE3D0B43B9}.Release|Any CPU.Build.0 = Release|Any CPU
	EndGlobalSection
	GlobalSection(SolutionProperties) = preSolution
		HideSolutionNode = FALSE
	EndGlobalSection
	GlobalSection(ExtensibilityGlobals) = postSolution
		SolutionGuid = {EB7C49D5-5BAB-4FB7-80A8-33918819E21E}
	EndGlobalSection
EndGlobal
